// !$*UTF8*$!
{
	archiveVersion = 1;
	classes = {
	};
	objectVersion = 46;
	objects = {

/* Begin PBXBuildFile section */
		2BAA31401DAA1FFE00DE76CE /* JSQMessageHelper.swift in Sources */ = {isa = PBXBuildFile; fileRef = 2BAA313F1DAA1FFD00DE76CE /* JSQMessageHelper.swift */; };
		2BC1A4BD1DA35F5200057AB6 /* Task.swift in Sources */ = {isa = PBXBuildFile; fileRef = 2BC1A4BC1DA35F5200057AB6 /* Task.swift */; };
		2BC1A4BF1DA360A900057AB6 /* LoginViewController.swift in Sources */ = {isa = PBXBuildFile; fileRef = 2BC1A4BE1DA360A900057AB6 /* LoginViewController.swift */; };
		2BC1A4C11DA3659800057AB6 /* SignUpViewController.swift in Sources */ = {isa = PBXBuildFile; fileRef = 2BC1A4C01DA3659800057AB6 /* SignUpViewController.swift */; };
		2BC1A4C31DA368A800057AB6 /* MyInfoTableViewController.swift in Sources */ = {isa = PBXBuildFile; fileRef = 2BC1A4C21DA368A800057AB6 /* MyInfoTableViewController.swift */; };
		2BC1A4C51DA36A2D00057AB6 /* TaskTableViewController.swift in Sources */ = {isa = PBXBuildFile; fileRef = 2BC1A4C41DA36A2D00057AB6 /* TaskTableViewController.swift */; };
		2BC1A4C71DA36A3900057AB6 /* ChatTableViewController.swift in Sources */ = {isa = PBXBuildFile; fileRef = 2BC1A4C61DA36A3900057AB6 /* ChatTableViewController.swift */; };
		2BC1A4C91DA36A8E00057AB6 /* ChatRoomViewController.swift in Sources */ = {isa = PBXBuildFile; fileRef = 2BC1A4C81DA36A8E00057AB6 /* ChatRoomViewController.swift */; };
		2BC1A4CB1DA36B2700057AB6 /* TutorialPageViewController.swift in Sources */ = {isa = PBXBuildFile; fileRef = 2BC1A4CA1DA36B2700057AB6 /* TutorialPageViewController.swift */; };
		2BC1A4CD1DA36E1400057AB6 /* User.swift in Sources */ = {isa = PBXBuildFile; fileRef = 2BC1A4CC1DA36E1400057AB6 /* User.swift */; };
		2BC1A4CF1DA372BE00057AB6 /* TaskDetailTableViewController.swift in Sources */ = {isa = PBXBuildFile; fileRef = 2BC1A4CE1DA372BE00057AB6 /* TaskDetailTableViewController.swift */; };
		2BC1A50F1DA5C43C00057AB6 /* TaskTableViewCell.swift in Sources */ = {isa = PBXBuildFile; fileRef = 2BC1A50E1DA5C43C00057AB6 /* TaskTableViewCell.swift */; };
		2BC1A5111DA5CF7300057AB6 /* AddModifyTaskTableViewController.swift in Sources */ = {isa = PBXBuildFile; fileRef = 2BC1A5101DA5CF7300057AB6 /* AddModifyTaskTableViewController.swift */; };
		2BC1A5571DA759F900057AB6 /* ChangePasswordTableViewController.swift in Sources */ = {isa = PBXBuildFile; fileRef = 2BC1A5561DA759F900057AB6 /* ChangePasswordTableViewController.swift */; };
		2BC1A5591DA75BBA00057AB6 /* GoogleService-Info.plist in Resources */ = {isa = PBXBuildFile; fileRef = 2BC1A5581DA75BBA00057AB6 /* GoogleService-Info.plist */; };
		2BC1A55C1DA8DFE200057AB6 /* ChatGroup.swift in Sources */ = {isa = PBXBuildFile; fileRef = 2BC1A55B1DA8DFE200057AB6 /* ChatGroup.swift */; };
		2BC38E981DA3558500F2AC6A /* AppDelegate.swift in Sources */ = {isa = PBXBuildFile; fileRef = 2BC38E971DA3558500F2AC6A /* AppDelegate.swift */; };
		2BC38E9D1DA3558500F2AC6A /* Main.storyboard in Resources */ = {isa = PBXBuildFile; fileRef = 2BC38E9B1DA3558500F2AC6A /* Main.storyboard */; };
		2BC38E9F1DA3558500F2AC6A /* Assets.xcassets in Resources */ = {isa = PBXBuildFile; fileRef = 2BC38E9E1DA3558500F2AC6A /* Assets.xcassets */; };
		2BC38EA21DA3558500F2AC6A /* LaunchScreen.storyboard in Resources */ = {isa = PBXBuildFile; fileRef = 2BC38EA01DA3558500F2AC6A /* LaunchScreen.storyboard */; };
		2BC38EAD1DA3558500F2AC6A /* BooyahTests.swift in Sources */ = {isa = PBXBuildFile; fileRef = 2BC38EAC1DA3558500F2AC6A /* BooyahTests.swift */; };
		2BC38EB81DA3558500F2AC6A /* BooyahUITests.swift in Sources */ = {isa = PBXBuildFile; fileRef = 2BC38EB71DA3558500F2AC6A /* BooyahUITests.swift */; };
		42828DB730B85BA22ED774D3 /* Pods_Booyah.framework in Frameworks */ = {isa = PBXBuildFile; fileRef = 0F5412D21C58AEDD5BA6ABBB /* Pods_Booyah.framework */; };
		6DA4FBF468838A2837363D9E /* Pods_BooyahTests.framework in Frameworks */ = {isa = PBXBuildFile; fileRef = 3EFE4CA092DA252461C17AA8 /* Pods_BooyahTests.framework */; };
		89A502AC7E4D8ACC49871F06 /* Pods_BooyahUITests.framework in Frameworks */ = {isa = PBXBuildFile; fileRef = 0B23683257B955E7E0613F22 /* Pods_BooyahUITests.framework */; };
/* End PBXBuildFile section */

/* Begin PBXContainerItemProxy section */
		2BC38EA91DA3558500F2AC6A /* PBXContainerItemProxy */ = {
			isa = PBXContainerItemProxy;
			containerPortal = 2BC38E8C1DA3558400F2AC6A /* Project object */;
			proxyType = 1;
			remoteGlobalIDString = 2BC38E931DA3558400F2AC6A;
			remoteInfo = Booyah;
		};
		2BC38EB41DA3558500F2AC6A /* PBXContainerItemProxy */ = {
			isa = PBXContainerItemProxy;
			containerPortal = 2BC38E8C1DA3558400F2AC6A /* Project object */;
			proxyType = 1;
			remoteGlobalIDString = 2BC38E931DA3558400F2AC6A;
			remoteInfo = Booyah;
		};
/* End PBXContainerItemProxy section */

/* Begin PBXFileReference section */
		0B23683257B955E7E0613F22 /* Pods_BooyahUITests.framework */ = {isa = PBXFileReference; explicitFileType = wrapper.framework; includeInIndex = 0; path = Pods_BooyahUITests.framework; sourceTree = BUILT_PRODUCTS_DIR; };
		0F5412D21C58AEDD5BA6ABBB /* Pods_Booyah.framework */ = {isa = PBXFileReference; explicitFileType = wrapper.framework; includeInIndex = 0; path = Pods_Booyah.framework; sourceTree = BUILT_PRODUCTS_DIR; };
		2BAA313F1DAA1FFD00DE76CE /* JSQMessageHelper.swift */ = {isa = PBXFileReference; fileEncoding = 4; lastKnownFileType = sourcecode.swift; path = JSQMessageHelper.swift; sourceTree = "<group>"; };
		2BC1A4BC1DA35F5200057AB6 /* Task.swift */ = {isa = PBXFileReference; fileEncoding = 4; lastKnownFileType = sourcecode.swift; path = Task.swift; sourceTree = "<group>"; };
		2BC1A4BE1DA360A900057AB6 /* LoginViewController.swift */ = {isa = PBXFileReference; fileEncoding = 4; lastKnownFileType = sourcecode.swift; path = LoginViewController.swift; sourceTree = "<group>"; };
		2BC1A4C01DA3659800057AB6 /* SignUpViewController.swift */ = {isa = PBXFileReference; fileEncoding = 4; lastKnownFileType = sourcecode.swift; path = SignUpViewController.swift; sourceTree = "<group>"; };
		2BC1A4C21DA368A800057AB6 /* MyInfoTableViewController.swift */ = {isa = PBXFileReference; fileEncoding = 4; lastKnownFileType = sourcecode.swift; path = MyInfoTableViewController.swift; sourceTree = "<group>"; };
		2BC1A4C41DA36A2D00057AB6 /* TaskTableViewController.swift */ = {isa = PBXFileReference; fileEncoding = 4; lastKnownFileType = sourcecode.swift; path = TaskTableViewController.swift; sourceTree = "<group>"; };
		2BC1A4C61DA36A3900057AB6 /* ChatTableViewController.swift */ = {isa = PBXFileReference; fileEncoding = 4; lastKnownFileType = sourcecode.swift; path = ChatTableViewController.swift; sourceTree = "<group>"; };
		2BC1A4C81DA36A8E00057AB6 /* ChatRoomViewController.swift */ = {isa = PBXFileReference; fileEncoding = 4; lastKnownFileType = sourcecode.swift; path = ChatRoomViewController.swift; sourceTree = "<group>"; };
		2BC1A4CA1DA36B2700057AB6 /* TutorialPageViewController.swift */ = {isa = PBXFileReference; fileEncoding = 4; lastKnownFileType = sourcecode.swift; path = TutorialPageViewController.swift; sourceTree = "<group>"; };
		2BC1A4CC1DA36E1400057AB6 /* User.swift */ = {isa = PBXFileReference; fileEncoding = 4; lastKnownFileType = sourcecode.swift; path = User.swift; sourceTree = "<group>"; };
		2BC1A4CE1DA372BE00057AB6 /* TaskDetailTableViewController.swift */ = {isa = PBXFileReference; fileEncoding = 4; lastKnownFileType = sourcecode.swift; path = TaskDetailTableViewController.swift; sourceTree = "<group>"; };
		2BC1A50E1DA5C43C00057AB6 /* TaskTableViewCell.swift */ = {isa = PBXFileReference; fileEncoding = 4; lastKnownFileType = sourcecode.swift; path = TaskTableViewCell.swift; sourceTree = "<group>"; };
		2BC1A5101DA5CF7300057AB6 /* AddModifyTaskTableViewController.swift */ = {isa = PBXFileReference; fileEncoding = 4; lastKnownFileType = sourcecode.swift; path = AddModifyTaskTableViewController.swift; sourceTree = "<group>"; };
		2BC1A5561DA759F900057AB6 /* ChangePasswordTableViewController.swift */ = {isa = PBXFileReference; fileEncoding = 4; lastKnownFileType = sourcecode.swift; path = ChangePasswordTableViewController.swift; sourceTree = "<group>"; };
		2BC1A5581DA75BBA00057AB6 /* GoogleService-Info.plist */ = {isa = PBXFileReference; fileEncoding = 4; lastKnownFileType = text.plist.xml; path = "GoogleService-Info.plist"; sourceTree = "<group>"; };
		2BC1A55A1DA7610D00057AB6 /* Booyah.entitlements */ = {isa = PBXFileReference; lastKnownFileType = text.plist.entitlements; path = Booyah.entitlements; sourceTree = "<group>"; };
		2BC1A55B1DA8DFE200057AB6 /* ChatGroup.swift */ = {isa = PBXFileReference; fileEncoding = 4; lastKnownFileType = sourcecode.swift; path = ChatGroup.swift; sourceTree = "<group>"; };
		2BC38E941DA3558500F2AC6A /* Booyah.app */ = {isa = PBXFileReference; explicitFileType = wrapper.application; includeInIndex = 0; path = Booyah.app; sourceTree = BUILT_PRODUCTS_DIR; };
		2BC38E971DA3558500F2AC6A /* AppDelegate.swift */ = {isa = PBXFileReference; lastKnownFileType = sourcecode.swift; path = AppDelegate.swift; sourceTree = "<group>"; };
		2BC38E9C1DA3558500F2AC6A /* Base */ = {isa = PBXFileReference; lastKnownFileType = file.storyboard; name = Base; path = Base.lproj/Main.storyboard; sourceTree = "<group>"; };
		2BC38E9E1DA3558500F2AC6A /* Assets.xcassets */ = {isa = PBXFileReference; lastKnownFileType = folder.assetcatalog; path = Assets.xcassets; sourceTree = "<group>"; };
		2BC38EA11DA3558500F2AC6A /* Base */ = {isa = PBXFileReference; lastKnownFileType = file.storyboard; name = Base; path = Base.lproj/LaunchScreen.storyboard; sourceTree = "<group>"; };
		2BC38EA31DA3558500F2AC6A /* Info.plist */ = {isa = PBXFileReference; lastKnownFileType = text.plist.xml; path = Info.plist; sourceTree = "<group>"; };
		2BC38EA81DA3558500F2AC6A /* BooyahTests.xctest */ = {isa = PBXFileReference; explicitFileType = wrapper.cfbundle; includeInIndex = 0; path = BooyahTests.xctest; sourceTree = BUILT_PRODUCTS_DIR; };
		2BC38EAC1DA3558500F2AC6A /* BooyahTests.swift */ = {isa = PBXFileReference; lastKnownFileType = sourcecode.swift; path = BooyahTests.swift; sourceTree = "<group>"; };
		2BC38EAE1DA3558500F2AC6A /* Info.plist */ = {isa = PBXFileReference; lastKnownFileType = text.plist.xml; path = Info.plist; sourceTree = "<group>"; };
		2BC38EB31DA3558500F2AC6A /* BooyahUITests.xctest */ = {isa = PBXFileReference; explicitFileType = wrapper.cfbundle; includeInIndex = 0; path = BooyahUITests.xctest; sourceTree = BUILT_PRODUCTS_DIR; };
		2BC38EB71DA3558500F2AC6A /* BooyahUITests.swift */ = {isa = PBXFileReference; lastKnownFileType = sourcecode.swift; path = BooyahUITests.swift; sourceTree = "<group>"; };
		2BC38EB91DA3558500F2AC6A /* Info.plist */ = {isa = PBXFileReference; lastKnownFileType = text.plist.xml; path = Info.plist; sourceTree = "<group>"; };
		3EFE4CA092DA252461C17AA8 /* Pods_BooyahTests.framework */ = {isa = PBXFileReference; explicitFileType = wrapper.framework; includeInIndex = 0; path = Pods_BooyahTests.framework; sourceTree = BUILT_PRODUCTS_DIR; };
		553879CC030EF606F81F70C4 /* Pods-Booyah.debug.xcconfig */ = {isa = PBXFileReference; includeInIndex = 1; lastKnownFileType = text.xcconfig; name = "Pods-Booyah.debug.xcconfig"; path = "Pods/Target Support Files/Pods-Booyah/Pods-Booyah.debug.xcconfig"; sourceTree = "<group>"; };
		58F566CE3C0B50562B1CF6D4 /* Pods-Booyah.release.xcconfig */ = {isa = PBXFileReference; includeInIndex = 1; lastKnownFileType = text.xcconfig; name = "Pods-Booyah.release.xcconfig"; path = "Pods/Target Support Files/Pods-Booyah/Pods-Booyah.release.xcconfig"; sourceTree = "<group>"; };
		7EDB0FAA608A3B1FC79F166E /* Pods-BooyahTests.release.xcconfig */ = {isa = PBXFileReference; includeInIndex = 1; lastKnownFileType = text.xcconfig; name = "Pods-BooyahTests.release.xcconfig"; path = "Pods/Target Support Files/Pods-BooyahTests/Pods-BooyahTests.release.xcconfig"; sourceTree = "<group>"; };
		9963362FB68135CCDFC27731 /* Pods-BooyahUITests.release.xcconfig */ = {isa = PBXFileReference; includeInIndex = 1; lastKnownFileType = text.xcconfig; name = "Pods-BooyahUITests.release.xcconfig"; path = "Pods/Target Support Files/Pods-BooyahUITests/Pods-BooyahUITests.release.xcconfig"; sourceTree = "<group>"; };
		B188C9060DC399D45DBAC2D8 /* Pods-BooyahTests.debug.xcconfig */ = {isa = PBXFileReference; includeInIndex = 1; lastKnownFileType = text.xcconfig; name = "Pods-BooyahTests.debug.xcconfig"; path = "Pods/Target Support Files/Pods-BooyahTests/Pods-BooyahTests.debug.xcconfig"; sourceTree = "<group>"; };
		FA6373964147DA91B46C9E24 /* Pods-BooyahUITests.debug.xcconfig */ = {isa = PBXFileReference; includeInIndex = 1; lastKnownFileType = text.xcconfig; name = "Pods-BooyahUITests.debug.xcconfig"; path = "Pods/Target Support Files/Pods-BooyahUITests/Pods-BooyahUITests.debug.xcconfig"; sourceTree = "<group>"; };
/* End PBXFileReference section */

/* Begin PBXFrameworksBuildPhase section */
		2BC38E911DA3558400F2AC6A /* Frameworks */ = {
			isa = PBXFrameworksBuildPhase;
			buildActionMask = 2147483647;
			files = (
				42828DB730B85BA22ED774D3 /* Pods_Booyah.framework in Frameworks */,
			);
			runOnlyForDeploymentPostprocessing = 0;
		};
		2BC38EA51DA3558500F2AC6A /* Frameworks */ = {
			isa = PBXFrameworksBuildPhase;
			buildActionMask = 2147483647;
			files = (
				6DA4FBF468838A2837363D9E /* Pods_BooyahTests.framework in Frameworks */,
			);
			runOnlyForDeploymentPostprocessing = 0;
		};
		2BC38EB01DA3558500F2AC6A /* Frameworks */ = {
			isa = PBXFrameworksBuildPhase;
			buildActionMask = 2147483647;
			files = (
				89A502AC7E4D8ACC49871F06 /* Pods_BooyahUITests.framework in Frameworks */,
			);
			runOnlyForDeploymentPostprocessing = 0;
		};
/* End PBXFrameworksBuildPhase section */

/* Begin PBXGroup section */
		2BC1A4B61DA359E400057AB6 /* Controllers */ = {
			isa = PBXGroup;
			children = (
				2BC1A4BE1DA360A900057AB6 /* LoginViewController.swift */,
				2BC1A4C01DA3659800057AB6 /* SignUpViewController.swift */,
				2BC1A4C21DA368A800057AB6 /* MyInfoTableViewController.swift */,
				2BC1A4C41DA36A2D00057AB6 /* TaskTableViewController.swift */,
				2BC1A4C61DA36A3900057AB6 /* ChatTableViewController.swift */,
				2BC1A4C81DA36A8E00057AB6 /* ChatRoomViewController.swift */,
				2BC1A4CA1DA36B2700057AB6 /* TutorialPageViewController.swift */,
				2BC1A4CE1DA372BE00057AB6 /* TaskDetailTableViewController.swift */,
				2BC1A50E1DA5C43C00057AB6 /* TaskTableViewCell.swift */,
				2BC1A5101DA5CF7300057AB6 /* AddModifyTaskTableViewController.swift */,
				2BC1A5561DA759F900057AB6 /* ChangePasswordTableViewController.swift */,
			);
			name = Controllers;
			sourceTree = "<group>";
		};
		2BC1A4B71DA359F500057AB6 /* Models */ = {
			isa = PBXGroup;
			children = (
				2BC1A4BC1DA35F5200057AB6 /* Task.swift */,
				2BC1A4CC1DA36E1400057AB6 /* User.swift */,
				2BC1A55B1DA8DFE200057AB6 /* ChatGroup.swift */,
				2BAA313F1DAA1FFD00DE76CE /* JSQMessageHelper.swift */,
			);
			name = Models;
			sourceTree = "<group>";
		};
		2BC1A4B81DA359FE00057AB6 /* Views */ = {
			isa = PBXGroup;
			children = (
				2BC38E9B1DA3558500F2AC6A /* Main.storyboard */,
				2BC38EA01DA3558500F2AC6A /* LaunchScreen.storyboard */,
			);
			name = Views;
			sourceTree = "<group>";
		};
		2BC1A4B91DA35A0F00057AB6 /* Others */ = {
			isa = PBXGroup;
			children = (
				2BC1A5581DA75BBA00057AB6 /* GoogleService-Info.plist */,
				2BC38E971DA3558500F2AC6A /* AppDelegate.swift */,
				2BC38E9E1DA3558500F2AC6A /* Assets.xcassets */,
				2BC38EA31DA3558500F2AC6A /* Info.plist */,
			);
			name = Others;
			sourceTree = "<group>";
		};
		2BC38E8B1DA3558400F2AC6A = {
			isa = PBXGroup;
			children = (
				2BC38E961DA3558500F2AC6A /* Booyah */,
				2BC38EAB1DA3558500F2AC6A /* BooyahTests */,
				2BC38EB61DA3558500F2AC6A /* BooyahUITests */,
				2BC38E951DA3558500F2AC6A /* Products */,
				F2D29A56F35F26822F2FD18D /* Pods */,
				518D5B6EF23BA0C67365F4A3 /* Frameworks */,
			);
			sourceTree = "<group>";
		};
		2BC38E951DA3558500F2AC6A /* Products */ = {
			isa = PBXGroup;
			children = (
				2BC38E941DA3558500F2AC6A /* Booyah.app */,
				2BC38EA81DA3558500F2AC6A /* BooyahTests.xctest */,
				2BC38EB31DA3558500F2AC6A /* BooyahUITests.xctest */,
			);
			name = Products;
			sourceTree = "<group>";
		};
		2BC38E961DA3558500F2AC6A /* Booyah */ = {
			isa = PBXGroup;
			children = (
				2BC1A55A1DA7610D00057AB6 /* Booyah.entitlements */,
				2BC1A4B91DA35A0F00057AB6 /* Others */,
				2BC1A4B81DA359FE00057AB6 /* Views */,
				2BC1A4B71DA359F500057AB6 /* Models */,
				2BC1A4B61DA359E400057AB6 /* Controllers */,
			);
			path = Booyah;
			sourceTree = "<group>";
		};
		2BC38EAB1DA3558500F2AC6A /* BooyahTests */ = {
			isa = PBXGroup;
			children = (
				2BC38EAC1DA3558500F2AC6A /* BooyahTests.swift */,
				2BC38EAE1DA3558500F2AC6A /* Info.plist */,
			);
			path = BooyahTests;
			sourceTree = "<group>";
		};
		2BC38EB61DA3558500F2AC6A /* BooyahUITests */ = {
			isa = PBXGroup;
			children = (
				2BC38EB71DA3558500F2AC6A /* BooyahUITests.swift */,
				2BC38EB91DA3558500F2AC6A /* Info.plist */,
			);
			path = BooyahUITests;
			sourceTree = "<group>";
		};
		518D5B6EF23BA0C67365F4A3 /* Frameworks */ = {
			isa = PBXGroup;
			children = (
				0F5412D21C58AEDD5BA6ABBB /* Pods_Booyah.framework */,
				3EFE4CA092DA252461C17AA8 /* Pods_BooyahTests.framework */,
				0B23683257B955E7E0613F22 /* Pods_BooyahUITests.framework */,
			);
			name = Frameworks;
			sourceTree = "<group>";
		};
		F2D29A56F35F26822F2FD18D /* Pods */ = {
			isa = PBXGroup;
			children = (
				553879CC030EF606F81F70C4 /* Pods-Booyah.debug.xcconfig */,
				58F566CE3C0B50562B1CF6D4 /* Pods-Booyah.release.xcconfig */,
				B188C9060DC399D45DBAC2D8 /* Pods-BooyahTests.debug.xcconfig */,
				7EDB0FAA608A3B1FC79F166E /* Pods-BooyahTests.release.xcconfig */,
				FA6373964147DA91B46C9E24 /* Pods-BooyahUITests.debug.xcconfig */,
				9963362FB68135CCDFC27731 /* Pods-BooyahUITests.release.xcconfig */,
			);
			name = Pods;
			sourceTree = "<group>";
		};
/* End PBXGroup section */

/* Begin PBXNativeTarget section */
		2BC38E931DA3558400F2AC6A /* Booyah */ = {
			isa = PBXNativeTarget;
			buildConfigurationList = 2BC38EBC1DA3558500F2AC6A /* Build configuration list for PBXNativeTarget "Booyah" */;
			buildPhases = (
				F5C3E3DD9A9AD1A4DB610222 /* [CP] Check Pods Manifest.lock */,
				2BC38E901DA3558400F2AC6A /* Sources */,
				2BC38E911DA3558400F2AC6A /* Frameworks */,
				2BC38E921DA3558400F2AC6A /* Resources */,
				8DDDA8A197B3D59BEAB33935 /* [CP] Embed Pods Frameworks */,
				73DBA5CD17ABBCFFEABEDEE7 /* [CP] Copy Pods Resources */,
			);
			buildRules = (
			);
			dependencies = (
			);
			name = Booyah;
			productName = Booyah;
			productReference = 2BC38E941DA3558500F2AC6A /* Booyah.app */;
			productType = "com.apple.product-type.application";
		};
		2BC38EA71DA3558500F2AC6A /* BooyahTests */ = {
			isa = PBXNativeTarget;
			buildConfigurationList = 2BC38EBF1DA3558500F2AC6A /* Build configuration list for PBXNativeTarget "BooyahTests" */;
			buildPhases = (
				82A429E019FCFF24382130C3 /* [CP] Check Pods Manifest.lock */,
				2BC38EA41DA3558500F2AC6A /* Sources */,
				2BC38EA51DA3558500F2AC6A /* Frameworks */,
				2BC38EA61DA3558500F2AC6A /* Resources */,
				CCE24E93EC1907B82CFDF081 /* [CP] Embed Pods Frameworks */,
				06E0054AABC90AFB0DF8953E /* [CP] Copy Pods Resources */,
			);
			buildRules = (
			);
			dependencies = (
				2BC38EAA1DA3558500F2AC6A /* PBXTargetDependency */,
			);
			name = BooyahTests;
			productName = BooyahTests;
			productReference = 2BC38EA81DA3558500F2AC6A /* BooyahTests.xctest */;
			productType = "com.apple.product-type.bundle.unit-test";
		};
		2BC38EB21DA3558500F2AC6A /* BooyahUITests */ = {
			isa = PBXNativeTarget;
			buildConfigurationList = 2BC38EC21DA3558500F2AC6A /* Build configuration list for PBXNativeTarget "BooyahUITests" */;
			buildPhases = (
				D5362D2274758519D6F2BC7B /* [CP] Check Pods Manifest.lock */,
				2BC38EAF1DA3558500F2AC6A /* Sources */,
				2BC38EB01DA3558500F2AC6A /* Frameworks */,
				2BC38EB11DA3558500F2AC6A /* Resources */,
				D0F0A85B73D223710C0B06ED /* [CP] Embed Pods Frameworks */,
				34A2A60C845DD21FA55BB0F6 /* [CP] Copy Pods Resources */,
			);
			buildRules = (
			);
			dependencies = (
				2BC38EB51DA3558500F2AC6A /* PBXTargetDependency */,
			);
			name = BooyahUITests;
			productName = BooyahUITests;
			productReference = 2BC38EB31DA3558500F2AC6A /* BooyahUITests.xctest */;
			productType = "com.apple.product-type.bundle.ui-testing";
		};
/* End PBXNativeTarget section */

/* Begin PBXProject section */
		2BC38E8C1DA3558400F2AC6A /* Project object */ = {
			isa = PBXProject;
			attributes = {
				LastSwiftUpdateCheck = 0800;
				LastUpgradeCheck = 0800;
				ORGANIZATIONNAME = "Paul Zhang";
				TargetAttributes = {
					2BC38E931DA3558400F2AC6A = {
						CreatedOnToolsVersion = 8.0;
						DevelopmentTeam = V537LP73QG;
						ProvisioningStyle = Automatic;
						SystemCapabilities = {
							com.apple.Keychain = {
								enabled = 1;
							};
						};
					};
					2BC38EA71DA3558500F2AC6A = {
						CreatedOnToolsVersion = 8.0;
						DevelopmentTeam = V537LP73QG;
						ProvisioningStyle = Automatic;
						TestTargetID = 2BC38E931DA3558400F2AC6A;
					};
					2BC38EB21DA3558500F2AC6A = {
						CreatedOnToolsVersion = 8.0;
						DevelopmentTeam = V537LP73QG;
						ProvisioningStyle = Automatic;
						TestTargetID = 2BC38E931DA3558400F2AC6A;
					};
				};
			};
			buildConfigurationList = 2BC38E8F1DA3558400F2AC6A /* Build configuration list for PBXProject "Booyah" */;
			compatibilityVersion = "Xcode 3.2";
			developmentRegion = English;
			hasScannedForEncodings = 0;
			knownRegions = (
				en,
				Base,
			);
			mainGroup = 2BC38E8B1DA3558400F2AC6A;
			productRefGroup = 2BC38E951DA3558500F2AC6A /* Products */;
			projectDirPath = "";
			projectRoot = "";
			targets = (
				2BC38E931DA3558400F2AC6A /* Booyah */,
				2BC38EA71DA3558500F2AC6A /* BooyahTests */,
				2BC38EB21DA3558500F2AC6A /* BooyahUITests */,
			);
		};
/* End PBXProject section */

/* Begin PBXResourcesBuildPhase section */
		2BC38E921DA3558400F2AC6A /* Resources */ = {
			isa = PBXResourcesBuildPhase;
			buildActionMask = 2147483647;
			files = (
				2BC38EA21DA3558500F2AC6A /* LaunchScreen.storyboard in Resources */,
				2BC1A5591DA75BBA00057AB6 /* GoogleService-Info.plist in Resources */,
				2BC38E9F1DA3558500F2AC6A /* Assets.xcassets in Resources */,
				2BC38E9D1DA3558500F2AC6A /* Main.storyboard in Resources */,
			);
			runOnlyForDeploymentPostprocessing = 0;
		};
		2BC38EA61DA3558500F2AC6A /* Resources */ = {
			isa = PBXResourcesBuildPhase;
			buildActionMask = 2147483647;
			files = (
			);
			runOnlyForDeploymentPostprocessing = 0;
		};
		2BC38EB11DA3558500F2AC6A /* Resources */ = {
			isa = PBXResourcesBuildPhase;
			buildActionMask = 2147483647;
			files = (
			);
			runOnlyForDeploymentPostprocessing = 0;
		};
/* End PBXResourcesBuildPhase section */

/* Begin PBXShellScriptBuildPhase section */
		06E0054AABC90AFB0DF8953E /* [CP] Copy Pods Resources */ = {
			isa = PBXShellScriptBuildPhase;
			buildActionMask = 2147483647;
			files = (
			);
			inputPaths = (
			);
			name = "[CP] Copy Pods Resources";
			outputPaths = (
			);
			runOnlyForDeploymentPostprocessing = 0;
			shellPath = /bin/sh;
			shellScript = "\"${SRCROOT}/Pods/Target Support Files/Pods-BooyahTests/Pods-BooyahTests-resources.sh\"\n";
			showEnvVarsInLog = 0;
		};
		34A2A60C845DD21FA55BB0F6 /* [CP] Copy Pods Resources */ = {
			isa = PBXShellScriptBuildPhase;
			buildActionMask = 2147483647;
			files = (
			);
			inputPaths = (
			);
			name = "[CP] Copy Pods Resources";
			outputPaths = (
			);
			runOnlyForDeploymentPostprocessing = 0;
			shellPath = /bin/sh;
			shellScript = "\"${SRCROOT}/Pods/Target Support Files/Pods-BooyahUITests/Pods-BooyahUITests-resources.sh\"\n";
			showEnvVarsInLog = 0;
		};
		73DBA5CD17ABBCFFEABEDEE7 /* [CP] Copy Pods Resources */ = {
			isa = PBXShellScriptBuildPhase;
			buildActionMask = 2147483647;
			files = (
			);
			inputPaths = (
			);
			name = "[CP] Copy Pods Resources";
			outputPaths = (
			);
			runOnlyForDeploymentPostprocessing = 0;
			shellPath = /bin/sh;
			shellScript = "\"${SRCROOT}/Pods/Target Support Files/Pods-Booyah/Pods-Booyah-resources.sh\"\n";
			showEnvVarsInLog = 0;
		};
		82A429E019FCFF24382130C3 /* [CP] Check Pods Manifest.lock */ = {
			isa = PBXShellScriptBuildPhase;
			buildActionMask = 2147483647;
			files = (
			);
			inputPaths = (
			);
			name = "[CP] Check Pods Manifest.lock";
			outputPaths = (
			);
			runOnlyForDeploymentPostprocessing = 0;
			shellPath = /bin/sh;
			shellScript = "diff \"${PODS_ROOT}/../Podfile.lock\" \"${PODS_ROOT}/Manifest.lock\" > /dev/null\nif [ $? != 0 ] ; then\n    # print error to STDERR\n    echo \"error: The sandbox is not in sync with the Podfile.lock. Run 'pod install' or update your CocoaPods installation.\" >&2\n    exit 1\nfi\n";
			showEnvVarsInLog = 0;
		};
		8DDDA8A197B3D59BEAB33935 /* [CP] Embed Pods Frameworks */ = {
			isa = PBXShellScriptBuildPhase;
			buildActionMask = 2147483647;
			files = (
			);
			inputPaths = (
			);
			name = "[CP] Embed Pods Frameworks";
			outputPaths = (
			);
			runOnlyForDeploymentPostprocessing = 0;
			shellPath = /bin/sh;
			shellScript = "\"${SRCROOT}/Pods/Target Support Files/Pods-Booyah/Pods-Booyah-frameworks.sh\"\n";
			showEnvVarsInLog = 0;
		};
		CCE24E93EC1907B82CFDF081 /* [CP] Embed Pods Frameworks */ = {
			isa = PBXShellScriptBuildPhase;
			buildActionMask = 2147483647;
			files = (
			);
			inputPaths = (
			);
			name = "[CP] Embed Pods Frameworks";
			outputPaths = (
			);
			runOnlyForDeploymentPostprocessing = 0;
			shellPath = /bin/sh;
			shellScript = "\"${SRCROOT}/Pods/Target Support Files/Pods-BooyahTests/Pods-BooyahTests-frameworks.sh\"\n";
			showEnvVarsInLog = 0;
		};
		D0F0A85B73D223710C0B06ED /* [CP] Embed Pods Frameworks */ = {
			isa = PBXShellScriptBuildPhase;
			buildActionMask = 2147483647;
			files = (
			);
			inputPaths = (
			);
			name = "[CP] Embed Pods Frameworks";
			outputPaths = (
			);
			runOnlyForDeploymentPostprocessing = 0;
			shellPath = /bin/sh;
			shellScript = "\"${SRCROOT}/Pods/Target Support Files/Pods-BooyahUITests/Pods-BooyahUITests-frameworks.sh\"\n";
			showEnvVarsInLog = 0;
		};
		D5362D2274758519D6F2BC7B /* [CP] Check Pods Manifest.lock */ = {
			isa = PBXShellScriptBuildPhase;
			buildActionMask = 2147483647;
			files = (
			);
			inputPaths = (
			);
			name = "[CP] Check Pods Manifest.lock";
			outputPaths = (
			);
			runOnlyForDeploymentPostprocessing = 0;
			shellPath = /bin/sh;
			shellScript = "diff \"${PODS_ROOT}/../Podfile.lock\" \"${PODS_ROOT}/Manifest.lock\" > /dev/null\nif [ $? != 0 ] ; then\n    # print error to STDERR\n    echo \"error: The sandbox is not in sync with the Podfile.lock. Run 'pod install' or update your CocoaPods installation.\" >&2\n    exit 1\nfi\n";
			showEnvVarsInLog = 0;
		};
		F5C3E3DD9A9AD1A4DB610222 /* [CP] Check Pods Manifest.lock */ = {
			isa = PBXShellScriptBuildPhase;
			buildActionMask = 2147483647;
			files = (
			);
			inputPaths = (
			);
			name = "[CP] Check Pods Manifest.lock";
			outputPaths = (
			);
			runOnlyForDeploymentPostprocessing = 0;
			shellPath = /bin/sh;
			shellScript = "diff \"${PODS_ROOT}/../Podfile.lock\" \"${PODS_ROOT}/Manifest.lock\" > /dev/null\nif [ $? != 0 ] ; then\n    # print error to STDERR\n    echo \"error: The sandbox is not in sync with the Podfile.lock. Run 'pod install' or update your CocoaPods installation.\" >&2\n    exit 1\nfi\n";
			showEnvVarsInLog = 0;
		};
/* End PBXShellScriptBuildPhase section */

/* Begin PBXSourcesBuildPhase section */
		2BC38E901DA3558400F2AC6A /* Sources */ = {
			isa = PBXSourcesBuildPhase;
			buildActionMask = 2147483647;
			files = (
				2BC1A4C51DA36A2D00057AB6 /* TaskTableViewController.swift in Sources */,
				2BC1A4CB1DA36B2700057AB6 /* TutorialPageViewController.swift in Sources */,
				2BC1A4C11DA3659800057AB6 /* SignUpViewController.swift in Sources */,
				2BC1A4C31DA368A800057AB6 /* MyInfoTableViewController.swift in Sources */,
				2BAA31401DAA1FFE00DE76CE /* JSQMessageHelper.swift in Sources */,
				2BC1A4CF1DA372BE00057AB6 /* TaskDetailTableViewController.swift in Sources */,
				2BC1A4C91DA36A8E00057AB6 /* ChatRoomViewController.swift in Sources */,
				2BC1A5571DA759F900057AB6 /* ChangePasswordTableViewController.swift in Sources */,
				2BC1A5111DA5CF7300057AB6 /* AddModifyTaskTableViewController.swift in Sources */,
				2BC1A55C1DA8DFE200057AB6 /* ChatGroup.swift in Sources */,
				2BC1A4BF1DA360A900057AB6 /* LoginViewController.swift in Sources */,
				2BC1A4BD1DA35F5200057AB6 /* Task.swift in Sources */,
				2BC1A50F1DA5C43C00057AB6 /* TaskTableViewCell.swift in Sources */,
				2BC38E981DA3558500F2AC6A /* AppDelegate.swift in Sources */,
				2BC1A4CD1DA36E1400057AB6 /* User.swift in Sources */,
				2BC1A4C71DA36A3900057AB6 /* ChatTableViewController.swift in Sources */,
			);
			runOnlyForDeploymentPostprocessing = 0;
		};
		2BC38EA41DA3558500F2AC6A /* Sources */ = {
			isa = PBXSourcesBuildPhase;
			buildActionMask = 2147483647;
			files = (
				2BC38EAD1DA3558500F2AC6A /* BooyahTests.swift in Sources */,
			);
			runOnlyForDeploymentPostprocessing = 0;
		};
		2BC38EAF1DA3558500F2AC6A /* Sources */ = {
			isa = PBXSourcesBuildPhase;
			buildActionMask = 2147483647;
			files = (
				2BC38EB81DA3558500F2AC6A /* BooyahUITests.swift in Sources */,
			);
			runOnlyForDeploymentPostprocessing = 0;
		};
/* End PBXSourcesBuildPhase section */

/* Begin PBXTargetDependency section */
		2BC38EAA1DA3558500F2AC6A /* PBXTargetDependency */ = {
			isa = PBXTargetDependency;
			target = 2BC38E931DA3558400F2AC6A /* Booyah */;
			targetProxy = 2BC38EA91DA3558500F2AC6A /* PBXContainerItemProxy */;
		};
		2BC38EB51DA3558500F2AC6A /* PBXTargetDependency */ = {
			isa = PBXTargetDependency;
			target = 2BC38E931DA3558400F2AC6A /* Booyah */;
			targetProxy = 2BC38EB41DA3558500F2AC6A /* PBXContainerItemProxy */;
		};
/* End PBXTargetDependency section */

/* Begin PBXVariantGroup section */
		2BC38E9B1DA3558500F2AC6A /* Main.storyboard */ = {
			isa = PBXVariantGroup;
			children = (
				2BC38E9C1DA3558500F2AC6A /* Base */,
			);
			name = Main.storyboard;
			sourceTree = "<group>";
		};
		2BC38EA01DA3558500F2AC6A /* LaunchScreen.storyboard */ = {
			isa = PBXVariantGroup;
			children = (
				2BC38EA11DA3558500F2AC6A /* Base */,
			);
			name = LaunchScreen.storyboard;
			sourceTree = "<group>";
		};
/* End PBXVariantGroup section */

/* Begin XCBuildConfiguration section */
		2BC38EBA1DA3558500F2AC6A /* Debug */ = {
			isa = XCBuildConfiguration;
			buildSettings = {
				ALWAYS_SEARCH_USER_PATHS = NO;
				CLANG_ANALYZER_NONNULL = YES;
				CLANG_CXX_LANGUAGE_STANDARD = "gnu++0x";
				CLANG_CXX_LIBRARY = "libc++";
				CLANG_ENABLE_MODULES = YES;
				CLANG_ENABLE_OBJC_ARC = YES;
				CLANG_WARN_BOOL_CONVERSION = YES;
				CLANG_WARN_CONSTANT_CONVERSION = YES;
				CLANG_WARN_DIRECT_OBJC_ISA_USAGE = YES_ERROR;
				CLANG_WARN_DOCUMENTATION_COMMENTS = YES;
				CLANG_WARN_EMPTY_BODY = YES;
				CLANG_WARN_ENUM_CONVERSION = YES;
				CLANG_WARN_INFINITE_RECURSION = YES;
				CLANG_WARN_INT_CONVERSION = YES;
				CLANG_WARN_OBJC_ROOT_CLASS = YES_ERROR;
				CLANG_WARN_SUSPICIOUS_MOVES = YES;
				CLANG_WARN_UNREACHABLE_CODE = YES;
				CLANG_WARN__DUPLICATE_METHOD_MATCH = YES;
				"CODE_SIGN_IDENTITY[sdk=iphoneos*]" = "iPhone Developer";
				COPY_PHASE_STRIP = NO;
				DEBUG_INFORMATION_FORMAT = dwarf;
				ENABLE_STRICT_OBJC_MSGSEND = YES;
				ENABLE_TESTABILITY = YES;
				GCC_C_LANGUAGE_STANDARD = gnu99;
				GCC_DYNAMIC_NO_PIC = NO;
				GCC_NO_COMMON_BLOCKS = YES;
				GCC_OPTIMIZATION_LEVEL = 0;
				GCC_PREPROCESSOR_DEFINITIONS = (
					"DEBUG=1",
					"$(inherited)",
				);
				GCC_WARN_64_TO_32_BIT_CONVERSION = YES;
				GCC_WARN_ABOUT_RETURN_TYPE = YES_ERROR;
				GCC_WARN_UNDECLARED_SELECTOR = YES;
				GCC_WARN_UNINITIALIZED_AUTOS = YES_AGGRESSIVE;
				GCC_WARN_UNUSED_FUNCTION = YES;
				GCC_WARN_UNUSED_VARIABLE = YES;
				IPHONEOS_DEPLOYMENT_TARGET = 10.0;
				MTL_ENABLE_DEBUG_INFO = YES;
				ONLY_ACTIVE_ARCH = YES;
				SDKROOT = iphoneos;
				SWIFT_ACTIVE_COMPILATION_CONDITIONS = DEBUG;
				SWIFT_OPTIMIZATION_LEVEL = "-Onone";
				TARGETED_DEVICE_FAMILY = "1,2";
			};
			name = Debug;
		};
		2BC38EBB1DA3558500F2AC6A /* Release */ = {
			isa = XCBuildConfiguration;
			buildSettings = {
				ALWAYS_SEARCH_USER_PATHS = NO;
				CLANG_ANALYZER_NONNULL = YES;
				CLANG_CXX_LANGUAGE_STANDARD = "gnu++0x";
				CLANG_CXX_LIBRARY = "libc++";
				CLANG_ENABLE_MODULES = YES;
				CLANG_ENABLE_OBJC_ARC = YES;
				CLANG_WARN_BOOL_CONVERSION = YES;
				CLANG_WARN_CONSTANT_CONVERSION = YES;
				CLANG_WARN_DIRECT_OBJC_ISA_USAGE = YES_ERROR;
				CLANG_WARN_DOCUMENTATION_COMMENTS = YES;
				CLANG_WARN_EMPTY_BODY = YES;
				CLANG_WARN_ENUM_CONVERSION = YES;
				CLANG_WARN_INFINITE_RECURSION = YES;
				CLANG_WARN_INT_CONVERSION = YES;
				CLANG_WARN_OBJC_ROOT_CLASS = YES_ERROR;
				CLANG_WARN_SUSPICIOUS_MOVES = YES;
				CLANG_WARN_UNREACHABLE_CODE = YES;
				CLANG_WARN__DUPLICATE_METHOD_MATCH = YES;
				"CODE_SIGN_IDENTITY[sdk=iphoneos*]" = "iPhone Developer";
				COPY_PHASE_STRIP = NO;
				DEBUG_INFORMATION_FORMAT = "dwarf-with-dsym";
				ENABLE_NS_ASSERTIONS = NO;
				ENABLE_STRICT_OBJC_MSGSEND = YES;
				GCC_C_LANGUAGE_STANDARD = gnu99;
				GCC_NO_COMMON_BLOCKS = YES;
				GCC_WARN_64_TO_32_BIT_CONVERSION = YES;
				GCC_WARN_ABOUT_RETURN_TYPE = YES_ERROR;
				GCC_WARN_UNDECLARED_SELECTOR = YES;
				GCC_WARN_UNINITIALIZED_AUTOS = YES_AGGRESSIVE;
				GCC_WARN_UNUSED_FUNCTION = YES;
				GCC_WARN_UNUSED_VARIABLE = YES;
				IPHONEOS_DEPLOYMENT_TARGET = 10.0;
				MTL_ENABLE_DEBUG_INFO = NO;
				SDKROOT = iphoneos;
				SWIFT_OPTIMIZATION_LEVEL = "-Owholemodule";
				TARGETED_DEVICE_FAMILY = "1,2";
				VALIDATE_PRODUCT = YES;
			};
			name = Release;
		};
		2BC38EBD1DA3558500F2AC6A /* Debug */ = {
			isa = XCBuildConfiguration;
			baseConfigurationReference = 553879CC030EF606F81F70C4 /* Pods-Booyah.debug.xcconfig */;
			buildSettings = {
				ASSETCATALOG_COMPILER_APPICON_NAME = AppIcon;
				CODE_SIGN_ENTITLEMENTS = Booyah/Booyah.entitlements;
				DEVELOPMENT_TEAM = V537LP73QG;
				INFOPLIST_FILE = Booyah/Info.plist;
				IPHONEOS_DEPLOYMENT_TARGET = 9.1;
				LD_RUNPATH_SEARCH_PATHS = "$(inherited) @executable_path/Frameworks";
				PRODUCT_BUNDLE_IDENTIFIER = paultech.Booyah;
				PRODUCT_NAME = "$(TARGET_NAME)";
				SWIFT_VERSION = 3.0;
			};
			name = Debug;
		};
		2BC38EBE1DA3558500F2AC6A /* Release */ = {
			isa = XCBuildConfiguration;
			baseConfigurationReference = 58F566CE3C0B50562B1CF6D4 /* Pods-Booyah.release.xcconfig */;
			buildSettings = {
				ASSETCATALOG_COMPILER_APPICON_NAME = AppIcon;
				CODE_SIGN_ENTITLEMENTS = Booyah/Booyah.entitlements;
				DEVELOPMENT_TEAM = V537LP73QG;
				INFOPLIST_FILE = Booyah/Info.plist;
				IPHONEOS_DEPLOYMENT_TARGET = 9.1;
				LD_RUNPATH_SEARCH_PATHS = "$(inherited) @executable_path/Frameworks";
				PRODUCT_BUNDLE_IDENTIFIER = paultech.Booyah;
				PRODUCT_NAME = "$(TARGET_NAME)";
				SWIFT_VERSION = 3.0;
			};
			name = Release;
		};
		2BC38EC01DA3558500F2AC6A /* Debug */ = {
			isa = XCBuildConfiguration;
			baseConfigurationReference = B188C9060DC399D45DBAC2D8 /* Pods-BooyahTests.debug.xcconfig */;
			buildSettings = {
				ALWAYS_EMBED_SWIFT_STANDARD_LIBRARIES = YES;
				BUNDLE_LOADER = "$(TEST_HOST)";
				DEVELOPMENT_TEAM = V537LP73QG;
				INFOPLIST_FILE = BooyahTests/Info.plist;
				LD_RUNPATH_SEARCH_PATHS = "$(inherited) @executable_path/Frameworks @loader_path/Frameworks";
				PRODUCT_BUNDLE_IDENTIFIER = paultech.BooyahTests;
				PRODUCT_NAME = "$(TARGET_NAME)";
				SWIFT_VERSION = 3.0;
				TEST_HOST = "$(BUILT_PRODUCTS_DIR)/Booyah.app/Booyah";
			};
			name = Debug;
		};
		2BC38EC11DA3558500F2AC6A /* Release */ = {
			isa = XCBuildConfiguration;
			baseConfigurationReference = 7EDB0FAA608A3B1FC79F166E /* Pods-BooyahTests.release.xcconfig */;
			buildSettings = {
				ALWAYS_EMBED_SWIFT_STANDARD_LIBRARIES = YES;
				BUNDLE_LOADER = "$(TEST_HOST)";
				DEVELOPMENT_TEAM = V537LP73QG;
				INFOPLIST_FILE = BooyahTests/Info.plist;
				LD_RUNPATH_SEARCH_PATHS = "$(inherited) @executable_path/Frameworks @loader_path/Frameworks";
				PRODUCT_BUNDLE_IDENTIFIER = paultech.BooyahTests;
				PRODUCT_NAME = "$(TARGET_NAME)";
				SWIFT_VERSION = 3.0;
				TEST_HOST = "$(BUILT_PRODUCTS_DIR)/Booyah.app/Booyah";
			};
			name = Release;
		};
		2BC38EC31DA3558500F2AC6A /* Debug */ = {
			isa = XCBuildConfiguration;
			baseConfigurationReference = FA6373964147DA91B46C9E24 /* Pods-BooyahUITests.debug.xcconfig */;
			buildSettings = {
				ALWAYS_EMBED_SWIFT_STANDARD_LIBRARIES = YES;
				DEVELOPMENT_TEAM = V537LP73QG;
				INFOPLIST_FILE = BooyahUITests/Info.plist;
				LD_RUNPATH_SEARCH_PATHS = "$(inherited) @executable_path/Frameworks @loader_path/Frameworks";
				PRODUCT_BUNDLE_IDENTIFIER = paultech.BooyahUITests;
				PRODUCT_NAME = "$(TARGET_NAME)";
				SWIFT_VERSION = 3.0;
				TEST_TARGET_NAME = Booyah;
			};
			name = Debug;
		};
		2BC38EC41DA3558500F2AC6A /* Release */ = {
			isa = XCBuildConfiguration;
			baseConfigurationReference = 9963362FB68135CCDFC27731 /* Pods-BooyahUITests.release.xcconfig */;
			buildSettings = {
				ALWAYS_EMBED_SWIFT_STANDARD_LIBRARIES = YES;
				DEVELOPMENT_TEAM = V537LP73QG;
				INFOPLIST_FILE = BooyahUITests/Info.plist;
				LD_RUNPATH_SEARCH_PATHS = "$(inherited) @executable_path/Frameworks @loader_path/Frameworks";
				PRODUCT_BUNDLE_IDENTIFIER = paultech.BooyahUITests;
				PRODUCT_NAME = "$(TARGET_NAME)";
				SWIFT_VERSION = 3.0;
				TEST_TARGET_NAME = Booyah;
			};
			name = Release;
		};
/* End XCBuildConfiguration section */

/* Begin XCConfigurationList section */
		2BC38E8F1DA3558400F2AC6A /* Build configuration list for PBXProject "Booyah" */ = {
			isa = XCConfigurationList;
			buildConfigurations = (
				2BC38EBA1DA3558500F2AC6A /* Debug */,
				2BC38EBB1DA3558500F2AC6A /* Release */,
			);
			defaultConfigurationIsVisible = 0;
			defaultConfigurationName = Release;
		};
		2BC38EBC1DA3558500F2AC6A /* Build configuration list for PBXNativeTarget "Booyah" */ = {
			isa = XCConfigurationList;
			buildConfigurations = (
				2BC38EBD1DA3558500F2AC6A /* Debug */,
				2BC38EBE1DA3558500F2AC6A /* Release */,
			);
			defaultConfigurationIsVisible = 0;
			defaultConfigurationName = Release;
		};
		2BC38EBF1DA3558500F2AC6A /* Build configuration list for PBXNativeTarget "BooyahTests" */ = {
			isa = XCConfigurationList;
			buildConfigurations = (
				2BC38EC01DA3558500F2AC6A /* Debug */,
				2BC38EC11DA3558500F2AC6A /* Release */,
			);
			defaultConfigurationIsVisible = 0;
			defaultConfigurationName = Release;
		};
		2BC38EC21DA3558500F2AC6A /* Build configuration list for PBXNativeTarget "BooyahUITests" */ = {
			isa = XCConfigurationList;
			buildConfigurations = (
				2BC38EC31DA3558500F2AC6A /* Debug */,
				2BC38EC41DA3558500F2AC6A /* Release */,
			);
			defaultConfigurationIsVisible = 0;
			defaultConfigurationName = Release;
		};
/* End XCConfigurationList section */
	};
	rootObject = 2BC38E8C1DA3558400F2AC6A /* Project object */;
}
